
Microsoft Visual Studio Solution File, Format Version 12.00
# Visual Studio 15
VisualStudioVersion = 15.0.28307.168
MinimumVisualStudioVersion = 10.0.40219.1
Project("{888888A0-9F3D-457C-B088-3A5042F75D52}") = "Korean-Light-Novel-Analyzer", "Korean-Light-Novel-Analyzer.pyproj", "{248CE4A9-934A-4276-B818-A51DC358F20D}"
EndProject
Global
	GlobalSection(SolutionConfigurationPlatforms) = preSolution
		Debug|Any CPU = Debug|Any CPU
		Release|Any CPU = Release|Any CPU
	EndGlobalSection
	GlobalSection(ProjectConfigurationPlatforms) = postSolution
		{248CE4A9-934A-4276-B818-A51DC358F20D}.Debug|Any CPU.ActiveCfg = Debug|Any CPU
		{248CE4A9-934A-4276-B818-A51DC358F20D}.Release|Any CPU.ActiveCfg = Release|Any CPU
	EndGlobalSection
	GlobalSection(SolutionProperties) = preSolution
		HideSolutionNode = FALSE
	EndGlobalSection
	GlobalSection(ExtensibilityGlobals) = postSolution
		SolutionGuid = {DF6F1E02-228E-4034-96A9-4C6694BB716A}
	EndGlobalSection
EndGlobal
